
Microsoft Visual Studio Solution File, Format Version 12.00
# Visual Studio Version 16
VisualStudioVersion = 16.0.31605.320
MinimumVisualStudioVersion = 10.0.40219.1
Project("{FAE04EC0-301F-11D3-BF4B-00C04F79EFBC}") = "UnitTesting", "UnitTesting\UnitTesting.csproj", "{E08C8CCF-A17B-42EE-985E-3BF59663DAE6}"
EndProject
Project("{FAE04EC0-301F-11D3-BF4B-00C04F79EFBC}") = "TestAddin", "TestAddin\TestAddin.csproj", "{7AE57DE6-2606-47B5-BFB6-D540259BD30C}"
EndProject
Global
	GlobalSection(SolutionConfigurationPlatforms) = preSolution
		Alex|Any CPU = Alex|Any CPU
		Debug|Any CPU = Debug|Any CPU
		Release|Any CPU = Release|Any CPU
	EndGlobalSection
	GlobalSection(ProjectConfigurationPlatforms) = postSolution
		{E08C8CCF-A17B-42EE-985E-3BF59663DAE6}.Alex|Any CPU.ActiveCfg = Debug|Any CPU
		{E08C8CCF-A17B-42EE-985E-3BF59663DAE6}.Alex|Any CPU.Build.0 = Debug|Any CPU
		{E08C8CCF-A17B-42EE-985E-3BF59663DAE6}.Debug|Any CPU.ActiveCfg = Debug|Any CPU
		{E08C8CCF-A17B-42EE-985E-3BF59663DAE6}.Debug|Any CPU.Build.0 = Debug|Any CPU
		{E08C8CCF-A17B-42EE-985E-3BF59663DAE6}.Release|Any CPU.ActiveCfg = Release|Any CPU
		{E08C8CCF-A17B-42EE-985E-3BF59663DAE6}.Release|Any CPU.Build.0 = Release|Any CPU
		{7AE57DE6-2606-47B5-BFB6-D540259BD30C}.Alex|Any CPU.ActiveCfg = Debug|Any CPU
		{7AE57DE6-2606-47B5-BFB6-D540259BD30C}.Alex|Any CPU.Build.0 = Debug|Any CPU
		{7AE57DE6-2606-47B5-BFB6-D540259BD30C}.Debug|Any CPU.ActiveCfg = Debug|Any CPU
		{7AE57DE6-2606-47B5-BFB6-D540259BD30C}.Debug|Any CPU.Build.0 = Debug|Any CPU
		{7AE57DE6-2606-47B5-BFB6-D540259BD30C}.Release|Any CPU.ActiveCfg = Release|Any CPU
		{7AE57DE6-2606-47B5-BFB6-D540259BD30C}.Release|Any CPU.Build.0 = Release|Any CPU
	EndGlobalSection
	GlobalSection(SolutionProperties) = preSolution
		HideSolutionNode = FALSE
	EndGlobalSection
	GlobalSection(ExtensibilityGlobals) = postSolution
		SolutionGuid = {54D35903-BC0D-43C4-A29D-2A7576224320}
	EndGlobalSection
EndGlobal
